
Microsoft Visual Studio Solution File, Format Version 12.00
# Visual Studio Version 17
VisualStudioVersion = 17.8.34511.84
MinimumVisualStudioVersion = 10.0.40219.1
Project("{FAE04EC0-301F-11D3-BF4B-00C04F79EFBC}") = "InternetShopFragment", "InternetShopFragment\InternetShopFragment.csproj", "{0D6FFB8E-BE08-4C8B-A5A8-257E32D9CE2C}"
EndProject
Global
	GlobalSection(SolutionConfigurationPlatforms) = preSolution
		Debug|Any CPU = Debug|Any CPU
		Release|Any CPU = Release|Any CPU
	EndGlobalSection
	GlobalSection(ProjectConfigurationPlatforms) = postSolution
		{0D6FFB8E-BE08-4C8B-A5A8-257E32D9CE2C}.Debug|Any CPU.ActiveCfg = Debug|Any CPU
		{0D6FFB8E-BE08-4C8B-A5A8-257E32D9CE2C}.Debug|Any CPU.Build.0 = Debug|Any CPU
		{0D6FFB8E-BE08-4C8B-A5A8-257E32D9CE2C}.Release|Any CPU.ActiveCfg = Release|Any CPU
		{0D6FFB8E-BE08-4C8B-A5A8-257E32D9CE2C}.Release|Any CPU.Build.0 = Release|Any CPU
	EndGlobalSection
	GlobalSection(SolutionProperties) = preSolution
		HideSolutionNode = FALSE
	EndGlobalSection
	GlobalSection(ExtensibilityGlobals) = postSolution
		SolutionGuid = {C9E6D1AD-7511-49F1-8334-8E1FD4A7C736}
	EndGlobalSection
EndGlobal
